
Microsoft Visual Studio Solution File, Format Version 12.00
# Visual Studio Version 16
VisualStudioVersion = 16.0.28803.452
MinimumVisualStudioVersion = 10.0.40219.1
Project("{F184B08F-C81C-45F6-A57F-5ABD9991F28F}") = "WindowsApp1", "WindowsApp1\WindowsApp1.vbproj", "{3150B0EA-173F-46E2-9403-EC1256C84B7C}"
EndProject
Project("{F184B08F-C81C-45F6-A57F-5ABD9991F28F}") = "OverHax-FORTNITEAIMBOT-FREE-VERSION", "OverHax-FORTNITEAIMBOT-FREE-VERSION\OverHax-FORTNITEAIMBOT-FREE-VERSION.vbproj", "{30B418AF-EC63-4CB0-8022-EEB0D5105991}"
EndProject
Global
	GlobalSection(SolutionConfigurationPlatforms) = preSolution
		Debug|Any CPU = Debug|Any CPU
		Release|Any CPU = Release|Any CPU
	EndGlobalSection
	GlobalSection(ProjectConfigurationPlatforms) = postSolution
		{3150B0EA-173F-46E2-9403-EC1256C84B7C}.Debug|Any CPU.ActiveCfg = Debug|Any CPU
		{3150B0EA-173F-46E2-9403-EC1256C84B7C}.Debug|Any CPU.Build.0 = Debug|Any CPU
		{3150B0EA-173F-46E2-9403-EC1256C84B7C}.Release|Any CPU.ActiveCfg = Release|Any CPU
		{3150B0EA-173F-46E2-9403-EC1256C84B7C}.Release|Any CPU.Build.0 = Release|Any CPU
		{30B418AF-EC63-4CB0-8022-EEB0D5105991}.Debug|Any CPU.ActiveCfg = Debug|Any CPU
		{30B418AF-EC63-4CB0-8022-EEB0D5105991}.Debug|Any CPU.Build.0 = Debug|Any CPU
		{30B418AF-EC63-4CB0-8022-EEB0D5105991}.Release|Any CPU.ActiveCfg = Release|Any CPU
		{30B418AF-EC63-4CB0-8022-EEB0D5105991}.Release|Any CPU.Build.0 = Release|Any CPU
	EndGlobalSection
	GlobalSection(SolutionProperties) = preSolution
		HideSolutionNode = FALSE
	EndGlobalSection
	GlobalSection(ExtensibilityGlobals) = postSolution
		SolutionGuid = {AFFFF4BB-11BA-4757-AB55-24684CBB810D}
	EndGlobalSection
EndGlobal
